// !$*UTF8*$!
{
	archiveVersion = 1;
	classes = {
	};
	objectVersion = 50;
	objects = {

/* Begin PBXBuildFile section */
		0022116A2478771100AD1CEC /* lakemcdonald.jpg in Resources */ = {isa = PBXBuildFile; fileRef = 0022115E2478771100AD1CEC /* lakemcdonald.jpg */; };
		0022116B2478771100AD1CEC /* umbagog.jpg in Resources */ = {isa = PBXBuildFile; fileRef = 0022115F2478771100AD1CEC /* umbagog.jpg */; };
		0022116C2478771100AD1CEC /* chilkoottrail.jpg in Resources */ = {isa = PBXBuildFile; fileRef = 002211602478771100AD1CEC /* chilkoottrail.jpg */; };
		0022116D2478771100AD1CEC /* rainbowlake.jpg in Resources */ = {isa = PBXBuildFile; fileRef = 002211612478771100AD1CEC /* rainbowlake.jpg */; };
		0022116E2478771100AD1CEC /* turtlerock.jpg in Resources */ = {isa = PBXBuildFile; fileRef = 002211622478771100AD1CEC /* turtlerock.jpg */; };
		0022116F2478771100AD1CEC /* twinlake.jpg in Resources */ = {isa = PBXBuildFile; fileRef = 002211632478771100AD1CEC /* twinlake.jpg */; };
		002211702478771100AD1CEC /* stmarylake.jpg in Resources */ = {isa = PBXBuildFile; fileRef = 002211642478771100AD1CEC /* stmarylake.jpg */; };
		002211712478771100AD1CEC /* charleyrivers.jpg in Resources */ = {isa = PBXBuildFile; fileRef = 002211652478771100AD1CEC /* charleyrivers.jpg */; };
		002211722478771100AD1CEC /* silversalmoncreek.jpg in Resources */ = {isa = PBXBuildFile; fileRef = 002211662478771100AD1CEC /* silversalmoncreek.jpg */; };
		002211732478771100AD1CEC /* chincoteague.jpg in Resources */ = {isa = PBXBuildFile; fileRef = 002211672478771100AD1CEC /* chincoteague.jpg */; };
		002211742478771100AD1CEC /* hiddenlake.jpg in Resources */ = {isa = PBXBuildFile; fileRef = 002211682478771100AD1CEC /* hiddenlake.jpg */; };
		002211752478771100AD1CEC /* icybay.jpg in Resources */ = {isa = PBXBuildFile; fileRef = 002211692478771100AD1CEC /* icybay.jpg */; };
		0022117724794BE500AD1CEC /* UserData.swift in Sources */ = {isa = PBXBuildFile; fileRef = 0022117624794BE500AD1CEC /* UserData.swift */; };
		0086800624783B5300781E79 /* AppDelegate.swift in Sources */ = {isa = PBXBuildFile; fileRef = 0086800524783B5300781E79 /* AppDelegate.swift */; };
		0086800824783B5300781E79 /* SceneDelegate.swift in Sources */ = {isa = PBXBuildFile; fileRef = 0086800724783B5300781E79 /* SceneDelegate.swift */; };
		0086800A24783B5300781E79 /* LandmarkDetail.swift in Sources */ = {isa = PBXBuildFile; fileRef = 0086800924783B5300781E79 /* LandmarkDetail.swift */; };
		0086800C24783B5500781E79 /* Assets.xcassets in Resources */ = {isa = PBXBuildFile; fileRef = 0086800B24783B5500781E79 /* Assets.xcassets */; };
		0086800F24783B5500781E79 /* Preview Assets.xcassets in Resources */ = {isa = PBXBuildFile; fileRef = 0086800E24783B5500781E79 /* Preview Assets.xcassets */; };
		0086801224783B5500781E79 /* LaunchScreen.storyboard in Resources */ = {isa = PBXBuildFile; fileRef = 0086801024783B5500781E79 /* LaunchScreen.storyboard */; };
		0086801A24783E1500781E79 /* CircleImage.swift in Sources */ = {isa = PBXBuildFile; fileRef = 0086801924783E1500781E79 /* CircleImage.swift */; };
		0086801C24783F1700781E79 /* MapView.swift in Sources */ = {isa = PBXBuildFile; fileRef = 0086801B24783F1700781E79 /* MapView.swift */; };
		0086805A247844F200781E79 /* LandmarkRow.swift in Sources */ = {isa = PBXBuildFile; fileRef = 00868059247844F200781E79 /* LandmarkRow.swift */; };
		0086805C247847B800781E79 /* LandmarkList.swift in Sources */ = {isa = PBXBuildFile; fileRef = 0086805B247847B800781E79 /* LandmarkList.swift */; };
		00F2A885247850930038F658 /* Data.swift in Sources */ = {isa = PBXBuildFile; fileRef = 00F2A883247850930038F658 /* Data.swift */; };
		00F2A886247850930038F658 /* Landmark.swift in Sources */ = {isa = PBXBuildFile; fileRef = 00F2A884247850930038F658 /* Landmark.swift */; };
		00F2A888247850AD0038F658 /* landmarkData.json in Resources */ = {isa = PBXBuildFile; fileRef = 00F2A887247850AD0038F658 /* landmarkData.json */; };
		00FED2AD2479B45A004E1020 /* HexagonParameters.swift in Sources */ = {isa = PBXBuildFile; fileRef = 00FED2AC2479B459004E1020 /* HexagonParameters.swift */; };
		00FED2AF2479B49C004E1020 /* Badge.swift in Sources */ = {isa = PBXBuildFile; fileRef = 00FED2AE2479B49C004E1020 /* Badge.swift */; };
		00FED2B12479B9CC004E1020 /* BadgeBackground.swift in Sources */ = {isa = PBXBuildFile; fileRef = 00FED2B02479B9CC004E1020 /* BadgeBackground.swift */; };
		00FED2B42479BA19004E1020 /* BadgeSymbol.swift in Sources */ = {isa = PBXBuildFile; fileRef = 00FED2B32479BA19004E1020 /* BadgeSymbol.swift */; };
		00FED2B62479BC6E004E1020 /* RotatedBadgeSymbol.swift in Sources */ = {isa = PBXBuildFile; fileRef = 00FED2B52479BC6E004E1020 /* RotatedBadgeSymbol.swift */; };
/* End PBXBuildFile section */

/* Begin PBXFileReference section */
		0022115E2478771100AD1CEC /* lakemcdonald.jpg */ = {isa = PBXFileReference; lastKnownFileType = image.jpeg; path = lakemcdonald.jpg; sourceTree = "<group>"; };
		0022115F2478771100AD1CEC /* umbagog.jpg */ = {isa = PBXFileReference; lastKnownFileType = image.jpeg; path = umbagog.jpg; sourceTree = "<group>"; };
		002211602478771100AD1CEC /* chilkoottrail.jpg */ = {isa = PBXFileReference; lastKnownFileType = image.jpeg; path = chilkoottrail.jpg; sourceTree = "<group>"; };
		002211612478771100AD1CEC /* rainbowlake.jpg */ = {isa = PBXFileReference; lastKnownFileType = image.jpeg; path = rainbowlake.jpg; sourceTree = "<group>"; };
		002211622478771100AD1CEC /* turtlerock.jpg */ = {isa = PBXFileReference; lastKnownFileType = image.jpeg; path = turtlerock.jpg; sourceTree = "<group>"; };
		002211632478771100AD1CEC /* twinlake.jpg */ = {isa = PBXFileReference; lastKnownFileType = image.jpeg; path = twinlake.jpg; sourceTree = "<group>"; };
		002211642478771100AD1CEC /* stmarylake.jpg */ = {isa = PBXFileReference; lastKnownFileType = image.jpeg; path = stmarylake.jpg; sourceTree = "<group>"; };
		002211652478771100AD1CEC /* charleyrivers.jpg */ = {isa = PBXFileReference; lastKnownFileType = image.jpeg; path = charleyrivers.jpg; sourceTree = "<group>"; };
		002211662478771100AD1CEC /* silversalmoncreek.jpg */ = {isa = PBXFileReference; lastKnownFileType = image.jpeg; path = silversalmoncreek.jpg; sourceTree = "<group>"; };
		002211672478771100AD1CEC /* chincoteague.jpg */ = {isa = PBXFileReference; lastKnownFileType = image.jpeg; path = chincoteague.jpg; sourceTree = "<group>"; };
		002211682478771100AD1CEC /* hiddenlake.jpg */ = {isa = PBXFileReference; lastKnownFileType = image.jpeg; path = hiddenlake.jpg; sourceTree = "<group>"; };
		002211692478771100AD1CEC /* icybay.jpg */ = {isa = PBXFileReference; lastKnownFileType = image.jpeg; path = icybay.jpg; sourceTree = "<group>"; };
		0022117624794BE500AD1CEC /* UserData.swift */ = {isa = PBXFileReference; lastKnownFileType = sourcecode.swift; path = UserData.swift; sourceTree = "<group>"; };
		0086800224783B5300781E79 /* Landmarks.app */ = {isa = PBXFileReference; explicitFileType = wrapper.application; includeInIndex = 0; path = Landmarks.app; sourceTree = BUILT_PRODUCTS_DIR; };
		0086800524783B5300781E79 /* AppDelegate.swift */ = {isa = PBXFileReference; lastKnownFileType = sourcecode.swift; path = AppDelegate.swift; sourceTree = "<group>"; };
		0086800724783B5300781E79 /* SceneDelegate.swift */ = {isa = PBXFileReference; lastKnownFileType = sourcecode.swift; path = SceneDelegate.swift; sourceTree = "<group>"; };
		0086800924783B5300781E79 /* LandmarkDetail.swift */ = {isa = PBXFileReference; lastKnownFileType = sourcecode.swift; path = LandmarkDetail.swift; sourceTree = "<group>"; };
		0086800B24783B5500781E79 /* Assets.xcassets */ = {isa = PBXFileReference; lastKnownFileType = folder.assetcatalog; path = Assets.xcassets; sourceTree = "<group>"; };
		0086800E24783B5500781E79 /* Preview Assets.xcassets */ = {isa = PBXFileReference; lastKnownFileType = folder.assetcatalog; path = "Preview Assets.xcassets"; sourceTree = "<group>"; };
		0086801124783B5500781E79 /* Base */ = {isa = PBXFileReference; lastKnownFileType = file.storyboard; name = Base; path = Base.lproj/LaunchScreen.storyboard; sourceTree = "<group>"; };
		0086801324783B5500781E79 /* Info.plist */ = {isa = PBXFileReference; lastKnownFileType = text.plist.xml; path = Info.plist; sourceTree = "<group>"; };
		0086801924783E1500781E79 /* CircleImage.swift */ = {isa = PBXFileReference; lastKnownFileType = sourcecode.swift; path = CircleImage.swift; sourceTree = "<group>"; };
		0086801B24783F1700781E79 /* MapView.swift */ = {isa = PBXFileReference; lastKnownFileType = sourcecode.swift; path = MapView.swift; sourceTree = "<group>"; };
		00868059247844F200781E79 /* LandmarkRow.swift */ = {isa = PBXFileReference; lastKnownFileType = sourcecode.swift; path = LandmarkRow.swift; sourceTree = "<group>"; };
		0086805B247847B800781E79 /* LandmarkList.swift */ = {isa = PBXFileReference; lastKnownFileType = sourcecode.swift; path = LandmarkList.swift; sourceTree = "<group>"; };
		00F2A883247850930038F658 /* Data.swift */ = {isa = PBXFileReference; fileEncoding = 4; lastKnownFileType = sourcecode.swift; path = Data.swift; sourceTree = "<group>"; };
		00F2A884247850930038F658 /* Landmark.swift */ = {isa = PBXFileReference; fileEncoding = 4; lastKnownFileType = sourcecode.swift; path = Landmark.swift; sourceTree = "<group>"; };
		00F2A887247850AD0038F658 /* landmarkData.json */ = {isa = PBXFileReference; fileEncoding = 4; lastKnownFileType = text.json; path = landmarkData.json; sourceTree = "<group>"; };
		00FED2AC2479B459004E1020 /* HexagonParameters.swift */ = {isa = PBXFileReference; fileEncoding = 4; lastKnownFileType = sourcecode.swift; path = HexagonParameters.swift; sourceTree = "<group>"; };
		00FED2AE2479B49C004E1020 /* Badge.swift */ = {isa = PBXFileReference; lastKnownFileType = sourcecode.swift; path = Badge.swift; sourceTree = "<group>"; };
		00FED2B02479B9CC004E1020 /* BadgeBackground.swift */ = {isa = PBXFileReference; lastKnownFileType = sourcecode.swift; path = BadgeBackground.swift; sourceTree = "<group>"; };
		00FED2B32479BA19004E1020 /* BadgeSymbol.swift */ = {isa = PBXFileReference; lastKnownFileType = sourcecode.swift; path = BadgeSymbol.swift; sourceTree = "<group>"; };
		00FED2B52479BC6E004E1020 /* RotatedBadgeSymbol.swift */ = {isa = PBXFileReference; lastKnownFileType = sourcecode.swift; path = RotatedBadgeSymbol.swift; sourceTree = "<group>"; };
/* End PBXFileReference section */

/* Begin PBXFrameworksBuildPhase section */
		00867FFF24783B5300781E79 /* Frameworks */ = {
			isa = PBXFrameworksBuildPhase;
			buildActionMask = 2147483647;
			files = (
			);
			runOnlyForDeploymentPostprocessing = 0;
		};
/* End PBXFrameworksBuildPhase section */

/* Begin PBXGroup section */
		00867FF924783B5300781E79 = {
			isa = PBXGroup;
			children = (
				0086800424783B5300781E79 /* Landmarks */,
				0086800324783B5300781E79 /* Products */,
			);
			sourceTree = "<group>";
		};
		0086800324783B5300781E79 /* Products */ = {
			isa = PBXGroup;
			children = (
				0086800224783B5300781E79 /* Landmarks.app */,
			);
			name = Products;
			sourceTree = "<group>";
		};
		0086800424783B5300781E79 /* Landmarks */ = {
			isa = PBXGroup;
			children = (
				008680532478442300781E79 /* Models */,
				0086800524783B5300781E79 /* AppDelegate.swift */,
				0086800724783B5300781E79 /* SceneDelegate.swift */,
				0086805B247847B800781E79 /* LandmarkList.swift */,
				0086800924783B5300781E79 /* LandmarkDetail.swift */,
				00FED2AC2479B459004E1020 /* HexagonParameters.swift */,
				008680582478443500781E79 /* Supporting Views */,
				00868038247843B500781E79 /* Resources */,
				0086800B24783B5500781E79 /* Assets.xcassets */,
				0086801024783B5500781E79 /* LaunchScreen.storyboard */,
				0086801324783B5500781E79 /* Info.plist */,
				0086800D24783B5500781E79 /* Preview Content */,
			);
			path = Landmarks;
			sourceTree = "<group>";
		};
		0086800D24783B5500781E79 /* Preview Content */ = {
			isa = PBXGroup;
			children = (
				0086800E24783B5500781E79 /* Preview Assets.xcassets */,
			);
			path = "Preview Content";
			sourceTree = "<group>";
		};
		00868038247843B500781E79 /* Resources */ = {
			isa = PBXGroup;
			children = (
				00F2A887247850AD0038F658 /* landmarkData.json */,
				002211652478771100AD1CEC /* charleyrivers.jpg */,
				002211602478771100AD1CEC /* chilkoottrail.jpg */,
				002211672478771100AD1CEC /* chincoteague.jpg */,
				002211682478771100AD1CEC /* hiddenlake.jpg */,
				002211692478771100AD1CEC /* icybay.jpg */,
				0022115E2478771100AD1CEC /* lakemcdonald.jpg */,
				002211612478771100AD1CEC /* rainbowlake.jpg */,
				002211662478771100AD1CEC /* silversalmoncreek.jpg */,
				002211642478771100AD1CEC /* stmarylake.jpg */,
				002211622478771100AD1CEC /* turtlerock.jpg */,
				002211632478771100AD1CEC /* twinlake.jpg */,
				0022115F2478771100AD1CEC /* umbagog.jpg */,
			);
			path = Resources;
			sourceTree = "<group>";
		};
		008680532478442300781E79 /* Models */ = {
			isa = PBXGroup;
			children = (
				00F2A883247850930038F658 /* Data.swift */,
				00F2A884247850930038F658 /* Landmark.swift */,
				0022117624794BE500AD1CEC /* UserData.swift */,
			);
			path = Models;
			sourceTree = "<group>";
		};
		008680582478443500781E79 /* Supporting Views */ = {
			isa = PBXGroup;
			children = (
				00FED2B22479BA07004E1020 /* Badge */,
				0086801924783E1500781E79 /* CircleImage.swift */,
				0086801B24783F1700781E79 /* MapView.swift */,
				00868059247844F200781E79 /* LandmarkRow.swift */,
			);
			path = "Supporting Views";
			sourceTree = "<group>";
		};
		00FED2B22479BA07004E1020 /* Badge */ = {
			isa = PBXGroup;
			children = (
				00FED2AE2479B49C004E1020 /* Badge.swift */,
				00FED2B02479B9CC004E1020 /* BadgeBackground.swift */,
				00FED2B32479BA19004E1020 /* BadgeSymbol.swift */,
				00FED2B52479BC6E004E1020 /* RotatedBadgeSymbol.swift */,
			);
			path = Badge;
			sourceTree = "<group>";
		};
/* End PBXGroup section */

/* Begin PBXNativeTarget section */
		0086800124783B5300781E79 /* Landmarks */ = {
			isa = PBXNativeTarget;
			buildConfigurationList = 0086801624783B5500781E79 /* Build configuration list for PBXNativeTarget "Landmarks" */;
			buildPhases = (
				00867FFE24783B5300781E79 /* Sources */,
				00867FFF24783B5300781E79 /* Frameworks */,
				0086800024783B5300781E79 /* Resources */,
			);
			buildRules = (
			);
			dependencies = (
			);
			name = Landmarks;
			productName = Landmarks;
			productReference = 0086800224783B5300781E79 /* Landmarks.app */;
			productType = "com.apple.product-type.application";
		};
/* End PBXNativeTarget section */

/* Begin PBXProject section */
		00867FFA24783B5300781E79 /* Project object */ = {
			isa = PBXProject;
			attributes = {
				LastSwiftUpdateCheck = 1150;
				LastUpgradeCheck = 1150;
				ORGANIZATIONNAME = "Fábio Salata";
				TargetAttributes = {
					0086800124783B5300781E79 = {
						CreatedOnToolsVersion = 11.5;
					};
				};
			};
			buildConfigurationList = 00867FFD24783B5300781E79 /* Build configuration list for PBXProject "Landmarks" */;
			compatibilityVersion = "Xcode 9.3";
			developmentRegion = en;
			hasScannedForEncodings = 0;
			knownRegions = (
				en,
				Base,
			);
			mainGroup = 00867FF924783B5300781E79;
			productRefGroup = 0086800324783B5300781E79 /* Products */;
			projectDirPath = "";
			projectRoot = "";
			targets = (
				0086800124783B5300781E79 /* Landmarks */,
			);
		};
/* End PBXProject section */

/* Begin PBXResourcesBuildPhase section */
		0086800024783B5300781E79 /* Resources */ = {
			isa = PBXResourcesBuildPhase;
			buildActionMask = 2147483647;
			files = (
				002211722478771100AD1CEC /* silversalmoncreek.jpg in Resources */,
				0022116B2478771100AD1CEC /* umbagog.jpg in Resources */,
				0086801224783B5500781E79 /* LaunchScreen.storyboard in Resources */,
				0022116E2478771100AD1CEC /* turtlerock.jpg in Resources */,
				002211712478771100AD1CEC /* charleyrivers.jpg in Resources */,
				0022116C2478771100AD1CEC /* chilkoottrail.jpg in Resources */,
				0022116A2478771100AD1CEC /* lakemcdonald.jpg in Resources */,
				00F2A888247850AD0038F658 /* landmarkData.json in Resources */,
				0022116F2478771100AD1CEC /* twinlake.jpg in Resources */,
				0022116D2478771100AD1CEC /* rainbowlake.jpg in Resources */,
				002211752478771100AD1CEC /* icybay.jpg in Resources */,
				002211732478771100AD1CEC /* chincoteague.jpg in Resources */,
				0086800F24783B5500781E79 /* Preview Assets.xcassets in Resources */,
				002211702478771100AD1CEC /* stmarylake.jpg in Resources */,
				002211742478771100AD1CEC /* hiddenlake.jpg in Resources */,
				0086800C24783B5500781E79 /* Assets.xcassets in Resources */,
			);
			runOnlyForDeploymentPostprocessing = 0;
		};
/* End PBXResourcesBuildPhase section */

/* Begin PBXSourcesBuildPhase section */
		00867FFE24783B5300781E79 /* Sources */ = {
			isa = PBXSourcesBuildPhase;
			buildActionMask = 2147483647;
			files = (
				0086800624783B5300781E79 /* AppDelegate.swift in Sources */,
				00FED2AF2479B49C004E1020 /* Badge.swift in Sources */,
				0086801A24783E1500781E79 /* CircleImage.swift in Sources */,
				0086805C247847B800781E79 /* LandmarkList.swift in Sources */,
				0086801C24783F1700781E79 /* MapView.swift in Sources */,
				00FED2AD2479B45A004E1020 /* HexagonParameters.swift in Sources */,
				0086800824783B5300781E79 /* SceneDelegate.swift in Sources */,
				00FED2B42479BA19004E1020 /* BadgeSymbol.swift in Sources */,
				00FED2B62479BC6E004E1020 /* RotatedBadgeSymbol.swift in Sources */,
				00F2A886247850930038F658 /* Landmark.swift in Sources */,
				00FED2B12479B9CC004E1020 /* BadgeBackground.swift in Sources */,
				0086805A247844F200781E79 /* LandmarkRow.swift in Sources */,
				0086800A24783B5300781E79 /* LandmarkDetail.swift in Sources */,
				0022117724794BE500AD1CEC /* UserData.swift in Sources */,
				00F2A885247850930038F658 /* Data.swift in Sources */,
			);
			runOnlyForDeploymentPostprocessing = 0;
		};
/* End PBXSourcesBuildPhase section */

/* Begin PBXVariantGroup section */
		0086801024783B5500781E79 /* LaunchScreen.storyboard */ = {
			isa = PBXVariantGroup;
			children = (
				0086801124783B5500781E79 /* Base */,
			);
			name = LaunchScreen.storyboard;
			sourceTree = "<group>";
		};
/* End PBXVariantGroup section */

/* Begin XCBuildConfiguration section */
		0086801424783B5500781E79 /* Debug */ = {
			isa = XCBuildConfiguration;
			buildSettings = {
				ALWAYS_SEARCH_USER_PATHS = NO;
				CLANG_ANALYZER_NONNULL = YES;
				CLANG_ANALYZER_NUMBER_OBJECT_CONVERSION = YES_AGGRESSIVE;
				CLANG_CXX_LANGUAGE_STANDARD = "gnu++14";
				CLANG_CXX_LIBRARY = "libc++";
				CLANG_ENABLE_MODULES = YES;
				CLANG_ENABLE_OBJC_ARC = YES;
				CLANG_ENABLE_OBJC_WEAK = YES;
				CLANG_WARN_BLOCK_CAPTURE_AUTORELEASING = YES;
				CLANG_WARN_BOOL_CONVERSION = YES;
				CLANG_WARN_COMMA = YES;
				CLANG_WARN_CONSTANT_CONVERSION = YES;
				CLANG_WARN_DEPRECATED_OBJC_IMPLEMENTATIONS = YES;
				CLANG_WARN_DIRECT_OBJC_ISA_USAGE = YES_ERROR;
				CLANG_WARN_DOCUMENTATION_COMMENTS = YES;
				CLANG_WARN_EMPTY_BODY = YES;
				CLANG_WARN_ENUM_CONVERSION = YES;
				CLANG_WARN_INFINITE_RECURSION = YES;
				CLANG_WARN_INT_CONVERSION = YES;
				CLANG_WARN_NON_LITERAL_NULL_CONVERSION = YES;
				CLANG_WARN_OBJC_IMPLICIT_RETAIN_SELF = YES;
				CLANG_WARN_OBJC_LITERAL_CONVERSION = YES;
				CLANG_WARN_OBJC_ROOT_CLASS = YES_ERROR;
				CLANG_WARN_RANGE_LOOP_ANALYSIS = YES;
				CLANG_WARN_STRICT_PROTOTYPES = YES;
				CLANG_WARN_SUSPICIOUS_MOVE = YES;
				CLANG_WARN_UNGUARDED_AVAILABILITY = YES_AGGRESSIVE;
				CLANG_WARN_UNREACHABLE_CODE = YES;
				CLANG_WARN__DUPLICATE_METHOD_MATCH = YES;
				COPY_PHASE_STRIP = NO;
				DEBUG_INFORMATION_FORMAT = dwarf;
				ENABLE_STRICT_OBJC_MSGSEND = YES;
				ENABLE_TESTABILITY = YES;
				GCC_C_LANGUAGE_STANDARD = gnu11;
				GCC_DYNAMIC_NO_PIC = NO;
				GCC_NO_COMMON_BLOCKS = YES;
				GCC_OPTIMIZATION_LEVEL = 0;
				GCC_PREPROCESSOR_DEFINITIONS = (
					"DEBUG=1",
					"$(inherited)",
				);
				GCC_WARN_64_TO_32_BIT_CONVERSION = YES;
				GCC_WARN_ABOUT_RETURN_TYPE = YES_ERROR;
				GCC_WARN_UNDECLARED_SELECTOR = YES;
				GCC_WARN_UNINITIALIZED_AUTOS = YES_AGGRESSIVE;
				GCC_WARN_UNUSED_FUNCTION = YES;
				GCC_WARN_UNUSED_VARIABLE = YES;
				IPHONEOS_DEPLOYMENT_TARGET = 13.5;
				MTL_ENABLE_DEBUG_INFO = INCLUDE_SOURCE;
				MTL_FAST_MATH = YES;
				ONLY_ACTIVE_ARCH = YES;
				SDKROOT = iphoneos;
				SWIFT_ACTIVE_COMPILATION_CONDITIONS = DEBUG;
				SWIFT_OPTIMIZATION_LEVEL = "-Onone";
			};
			name = Debug;
		};
		0086801524783B5500781E79 /* Release */ = {
			isa = XCBuildConfiguration;
			buildSettings = {
				ALWAYS_SEARCH_USER_PATHS = NO;
				CLANG_ANALYZER_NONNULL = YES;
				CLANG_ANALYZER_NUMBER_OBJECT_CONVERSION = YES_AGGRESSIVE;
				CLANG_CXX_LANGUAGE_STANDARD = "gnu++14";
				CLANG_CXX_LIBRARY = "libc++";
				CLANG_ENABLE_MODULES = YES;
				CLANG_ENABLE_OBJC_ARC = YES;
				CLANG_ENABLE_OBJC_WEAK = YES;
				CLANG_WARN_BLOCK_CAPTURE_AUTORELEASING = YES;
				CLANG_WARN_BOOL_CONVERSION = YES;
				CLANG_WARN_COMMA = YES;
				CLANG_WARN_CONSTANT_CONVERSION = YES;
				CLANG_WARN_DEPRECATED_OBJC_IMPLEMENTATIONS = YES;
				CLANG_WARN_DIRECT_OBJC_ISA_USAGE = YES_ERROR;
				CLANG_WARN_DOCUMENTATION_COMMENTS = YES;
				CLANG_WARN_EMPTY_BODY = YES;
				CLANG_WARN_ENUM_CONVERSION = YES;
				CLANG_WARN_INFINITE_RECURSION = YES;
				CLANG_WARN_INT_CONVERSION = YES;
				CLANG_WARN_NON_LITERAL_NULL_CONVERSION = YES;
				CLANG_WARN_OBJC_IMPLICIT_RETAIN_SELF = YES;
				CLANG_WARN_OBJC_LITERAL_CONVERSION = YES;
				CLANG_WARN_OBJC_ROOT_CLASS = YES_ERROR;
				CLANG_WARN_RANGE_LOOP_ANALYSIS = YES;
				CLANG_WARN_STRICT_PROTOTYPES = YES;
				CLANG_WARN_SUSPICIOUS_MOVE = YES;
				CLANG_WARN_UNGUARDED_AVAILABILITY = YES_AGGRESSIVE;
				CLANG_WARN_UNREACHABLE_CODE = YES;
				CLANG_WARN__DUPLICATE_METHOD_MATCH = YES;
				COPY_PHASE_STRIP = NO;
				DEBUG_INFORMATION_FORMAT = "dwarf-with-dsym";
				ENABLE_NS_ASSERTIONS = NO;
				ENABLE_STRICT_OBJC_MSGSEND = YES;
				GCC_C_LANGUAGE_STANDARD = gnu11;
				GCC_NO_COMMON_BLOCKS = YES;
				GCC_WARN_64_TO_32_BIT_CONVERSION = YES;
				GCC_WARN_ABOUT_RETURN_TYPE = YES_ERROR;
				GCC_WARN_UNDECLARED_SELECTOR = YES;
				GCC_WARN_UNINITIALIZED_AUTOS = YES_AGGRESSIVE;
				GCC_WARN_UNUSED_FUNCTION = YES;
				GCC_WARN_UNUSED_VARIABLE = YES;
				IPHONEOS_DEPLOYMENT_TARGET = 13.5;
				MTL_ENABLE_DEBUG_INFO = NO;
				MTL_FAST_MATH = YES;
				SDKROOT = iphoneos;
				SWIFT_COMPILATION_MODE = wholemodule;
				SWIFT_OPTIMIZATION_LEVEL = "-O";
				VALIDATE_PRODUCT = YES;
			};
			name = Release;
		};
		0086801724783B5500781E79 /* Debug */ = {
			isa = XCBuildConfiguration;
			buildSettings = {
				ASSETCATALOG_COMPILER_APPICON_NAME = AppIcon;
				CODE_SIGN_STYLE = Automatic;
				DEVELOPMENT_ASSET_PATHS = "\"Landmarks/Preview Content\"";
				DEVELOPMENT_TEAM = 4473R8PQA5;
				ENABLE_PREVIEWS = YES;
				INFOPLIST_FILE = Landmarks/Info.plist;
				LD_RUNPATH_SEARCH_PATHS = (
					"$(inherited)",
					"@executable_path/Frameworks",
				);
				PRODUCT_BUNDLE_IDENTIFIER = dev.fabiosalata.Landmarks;
				PRODUCT_NAME = "$(TARGET_NAME)";
				SWIFT_VERSION = 5.0;
				TARGETED_DEVICE_FAMILY = "1,2";
			};
			name = Debug;
		};
		0086801824783B5500781E79 /* Release */ = {
			isa = XCBuildConfiguration;
			buildSettings = {
				ASSETCATALOG_COMPILER_APPICON_NAME = AppIcon;
				CODE_SIGN_STYLE = Automatic;
				DEVELOPMENT_ASSET_PATHS = "\"Landmarks/Preview Content\"";
				DEVELOPMENT_TEAM = 4473R8PQA5;
				ENABLE_PREVIEWS = YES;
				INFOPLIST_FILE = Landmarks/Info.plist;
				LD_RUNPATH_SEARCH_PATHS = (
					"$(inherited)",
					"@executable_path/Frameworks",
				);
				PRODUCT_BUNDLE_IDENTIFIER = dev.fabiosalata.Landmarks;
				PRODUCT_NAME = "$(TARGET_NAME)";
				SWIFT_VERSION = 5.0;
				TARGETED_DEVICE_FAMILY = "1,2";
			};
			name = Release;
		};
/* End XCBuildConfiguration section */

/* Begin XCConfigurationList section */
		00867FFD24783B5300781E79 /* Build configuration list for PBXProject "Landmarks" */ = {
			isa = XCConfigurationList;
			buildConfigurations = (
				0086801424783B5500781E79 /* Debug */,
				0086801524783B5500781E79 /* Release */,
			);
			defaultConfigurationIsVisible = 0;
			defaultConfigurationName = Release;
		};
		0086801624783B5500781E79 /* Build configuration list for PBXNativeTarget "Landmarks" */ = {
			isa = XCConfigurationList;
			buildConfigurations = (
				0086801724783B5500781E79 /* Debug */,
				0086801824783B5500781E79 /* Release */,
			);
			defaultConfigurationIsVisible = 0;
			defaultConfigurationName = Release;
		};
/* End XCConfigurationList section */
	};
	rootObject = 00867FFA24783B5300781E79 /* Project object */;
}
